{
    "_readme": [
        "This file locks the dependencies of your project to a known state",
        "Read more about it at https://getcomposer.org/doc/01-basic-usage.md#composer-lock-the-lock-file",
        "This file is @generated automatically"
    ],
    "content-hash": "9c22c92d87d77554b93bd2abd8fa8924",
    "packages": [
        {
            "name": "phase2/pattern-lab-starter",
            "version": "1.0.0",
            "source": {
                "type": "git",
                "url": "git@github.com:phase2/pattern-lab-starter.git",
                "reference": "master"
            },
            "type": "package"
        }
    ],
    "packages-dev": [],
    "aliases": [],
    "minimum-stability": "stable",
    "stability-flags": [],
    "prefer-stable": false,
    "prefer-lowest": false,
    "platform": [],
    "platform-dev": []
}
